uuid: 8b08accf-1fa3-474a-a87c-5596ceb350d1
langcode: en
status: true
dependencies:
  module:
    - hdbt_content
    - node
  theme:
    - hdbt
_core:
  default_config_hash: OLZ-FXRnOmtRhlwJuhSiSa_CMSDN1M_xcOla5FgxkxE
id: heroblock
theme: hdbt
region: before_content
weight: -11
provider: null
plugin: hero_block
settings:
  id: hero_block
  label: 'Hero block'
  label_display: '0'
  provider: hdbt_content
visibility:
  'entity_bundle:node':
    id: 'entity_bundle:node'
    negate: false
    context_mapping:
      node: '@node.node_route_context:node'
    bundles:
      landing_page: landing_page
      page: page
