uuid: 0b2d5343-2259-4e32-9283-fa9d3a81f790
langcode: en
status: true
dependencies:
  module:
    - hdbt_content
  theme:
    - helfi_form_subtheme
_core:
  default_config_hash: IsZxrQIR5fs_5xZDQ1BJ8K5LXwiaRAM3Gk-HY4vuVb4
id: helfi_form_subtheme_footertopblock
theme: helfi_form_subtheme
region: footer_top
weight: -3
provider: null
plugin: footer_top_block
settings:
  id: footer_top_block
  label: 'Footer top block'
  label_display: '0'
  provider: hdbt_content
visibility: {  }
