uuid: 039d8dd1-9676-4daf-adba-81e50df757fc
langcode: en
status: true
dependencies:
  module:
    - hdbt_content
    - node
  theme:
    - hdbt
_core:
  default_config_hash: gRV-mUfktXuUWzDVDnmsMnc08HECbMJj0Prdtp4Yl8M
id: sidebarcontentblock
theme: hdbt
region: sidebar_second
weight: -9
provider: null
plugin: sidebar_content_block
settings:
  id: sidebar_content_block
  label: 'Sidebar content block'
  label_display: '0'
  provider: hdbt_content
visibility: {  }
