uuid: 9a3f2a37-ff58-4806-9697-6ee45a163f22
langcode: en
status: true
dependencies:
  module:
    - hdbt_content
  theme:
    - form_tool_admin
_core:
  default_config_hash: IsZxrQIR5fs_5xZDQ1BJ8K5LXwiaRAM3Gk-HY4vuVb4
id: form_tool_admin_footertopblock
theme: form_tool_admin
region: sidebar_first
weight: -3
provider: null
plugin: footer_top_block
settings:
  id: footer_top_block
  label: 'Footer top block'
  provider: hdbt_content
  label_display: '0'
visibility: {  }
